
Microsoft Visual Studio Solution File, Format Version 12.00
# Visual Studio Version 17
VisualStudioVersion = 17.13.35913.81 d17.13
MinimumVisualStudioVersion = 10.0.40219.1
Project("{FAE04EC0-301F-11D3-BF4B-00C04F79EFBC}") = "Laboratorio1_C28330", "Laboratorio1_C28330.csproj", "{63F20EB1-B509-B2CB-83B9-738143F57341}"
EndProject
Global
	GlobalSection(SolutionConfigurationPlatforms) = preSolution
		Debug|Any CPU = Debug|Any CPU
		Release|Any CPU = Release|Any CPU
	EndGlobalSection
	GlobalSection(ProjectConfigurationPlatforms) = postSolution
		{63F20EB1-B509-B2CB-83B9-738143F57341}.Debug|Any CPU.ActiveCfg = Debug|Any CPU
		{63F20EB1-B509-B2CB-83B9-738143F57341}.Debug|Any CPU.Build.0 = Debug|Any CPU
		{63F20EB1-B509-B2CB-83B9-738143F57341}.Release|Any CPU.ActiveCfg = Release|Any CPU
		{63F20EB1-B509-B2CB-83B9-738143F57341}.Release|Any CPU.Build.0 = Release|Any CPU
	EndGlobalSection
	GlobalSection(SolutionProperties) = preSolution
		HideSolutionNode = FALSE
	EndGlobalSection
	GlobalSection(ExtensibilityGlobals) = postSolution
		SolutionGuid = {7219DA71-9438-4D91-A725-9C175D78BC10}
	EndGlobalSection
EndGlobal
